
Microsoft Visual Studio Solution File, Format Version 12.00
# Visual Studio 15
VisualStudioVersion = 15.0.27428.2037
MinimumVisualStudioVersion = 10.0.40219.1
Project("{FAE04EC0-301F-11D3-BF4B-00C04F79EFBC}") = "WindowsFormsApp1", "WindowsFormsApp1\WindowsFormsApp1.csproj", "{1089F10B-129F-4CB7-B554-A45BE3391690}"
EndProject
Global
	GlobalSection(SolutionConfigurationPlatforms) = preSolution
		Debug|Any CPU = Debug|Any CPU
		Release|Any CPU = Release|Any CPU
	EndGlobalSection
	GlobalSection(ProjectConfigurationPlatforms) = postSolution
		{1089F10B-129F-4CB7-B554-A45BE3391690}.Debug|Any CPU.ActiveCfg = Debug|Any CPU
		{1089F10B-129F-4CB7-B554-A45BE3391690}.Debug|Any CPU.Build.0 = Debug|Any CPU
		{1089F10B-129F-4CB7-B554-A45BE3391690}.Release|Any CPU.ActiveCfg = Release|Any CPU
		{1089F10B-129F-4CB7-B554-A45BE3391690}.Release|Any CPU.Build.0 = Release|Any CPU
	EndGlobalSection
	GlobalSection(SolutionProperties) = preSolution
		HideSolutionNode = FALSE
	EndGlobalSection
	GlobalSection(ExtensibilityGlobals) = postSolution
		SolutionGuid = {114B04E5-CB91-4D66-AD4B-D84A0A26A34D}
	EndGlobalSection
EndGlobal
